
Microsoft Visual Studio Solution File, Format Version 12.00
# Visual Studio 15
VisualStudioVersion = 15.0.28307.1022
MinimumVisualStudioVersion = 10.0.40219.1
Project("{8BC9CEB8-8B4A-11D0-8D11-00A0C91BC942}") = "Mine_Clearance", "Mine_Clearance\Mine_Clearance.vcxproj", "{6F03AF0B-8A5C-4627-87A3-8AA476F216BE}"
EndProject
Global
	GlobalSection(SolutionConfigurationPlatforms) = preSolution
		Debug|x64 = Debug|x64
		Debug|x86 = Debug|x86
		Release|x64 = Release|x64
		Release|x86 = Release|x86
	EndGlobalSection
	GlobalSection(ProjectConfigurationPlatforms) = postSolution
		{6F03AF0B-8A5C-4627-87A3-8AA476F216BE}.Debug|x64.ActiveCfg = Debug|x64
		{6F03AF0B-8A5C-4627-87A3-8AA476F216BE}.Debug|x64.Build.0 = Debug|x64
		{6F03AF0B-8A5C-4627-87A3-8AA476F216BE}.Debug|x86.ActiveCfg = Debug|Win32
		{6F03AF0B-8A5C-4627-87A3-8AA476F216BE}.Debug|x86.Build.0 = Debug|Win32
		{6F03AF0B-8A5C-4627-87A3-8AA476F216BE}.Release|x64.ActiveCfg = Release|x64
		{6F03AF0B-8A5C-4627-87A3-8AA476F216BE}.Release|x64.Build.0 = Release|x64
		{6F03AF0B-8A5C-4627-87A3-8AA476F216BE}.Release|x86.ActiveCfg = Release|Win32
		{6F03AF0B-8A5C-4627-87A3-8AA476F216BE}.Release|x86.Build.0 = Release|Win32
	EndGlobalSection
	GlobalSection(SolutionProperties) = preSolution
		HideSolutionNode = FALSE
	EndGlobalSection
	GlobalSection(ExtensibilityGlobals) = postSolution
		SolutionGuid = {58A98442-5503-4EA0-89DF-DC259992C618}
	EndGlobalSection
EndGlobal
